
Microsoft Visual Studio Solution File, Format Version 12.00
# Visual Studio Version 17
VisualStudioVersion = 17.1.32421.90
MinimumVisualStudioVersion = 10.0.40219.1
Project("{2150E333-8FDC-42A3-9474-1A3956D46DE8}") = "src", "src", "{DF9D687F-4BAB-4D2F-891E-3F61CA937F35}"
EndProject
Project("{2150E333-8FDC-42A3-9474-1A3956D46DE8}") = "FrontEnd", "FrontEnd", "{F3029C1E-28D2-452F-AF66-7B8BCC9BFE8E}"
EndProject
Project("{2150E333-8FDC-42A3-9474-1A3956D46DE8}") = "Services", "Services", "{9B7C437D-ADD5-4F25-BE58-8954A24AFA1A}"
EndProject
Project("{2150E333-8FDC-42A3-9474-1A3956D46DE8}") = "Gateway", "Gateway", "{CA4AAAF4-9937-477C-9AEE-BB01AAC26D00}"
EndProject
Project("{9A19103F-16F7-4668-BE54-9A1E7A4F7556}") = "eShop.ProductApi", "src\Services\eShop.ProductApi\eShop.ProductApi.csproj", "{D96910B7-E6AA-4CB1-9480-6FE6BE7B57F1}"
EndProject
Project("{9A19103F-16F7-4668-BE54-9A1E7A4F7556}") = "eShop.WebUI", "src\FrontEnd\eShop.WebUI\eShop.WebUI.csproj", "{49D2754C-2732-43ED-A72F-D84152E3E64C}"
EndProject
Project("{9A19103F-16F7-4668-BE54-9A1E7A4F7556}") = "eShop.AdminUI", "src\FrontEnd\eShop.AdminUI\eShop.AdminUI.csproj", "{351E3493-B932-4E02-9CDA-9EB99DA63457}"
EndProject
Project("{FAE04EC0-301F-11D3-BF4B-00C04F79EFBC}") = "eShop.IdentityServer", "src\Services\eShop.IdentityServer\eShop.IdentityServer.csproj", "{A4A19282-C174-49C9-A9A3-2EACF462F71C}"
EndProject
Global
	GlobalSection(SolutionConfigurationPlatforms) = preSolution
		Debug|Any CPU = Debug|Any CPU
		Release|Any CPU = Release|Any CPU
	EndGlobalSection
	GlobalSection(ProjectConfigurationPlatforms) = postSolution
		{D96910B7-E6AA-4CB1-9480-6FE6BE7B57F1}.Debug|Any CPU.ActiveCfg = Debug|Any CPU
		{D96910B7-E6AA-4CB1-9480-6FE6BE7B57F1}.Debug|Any CPU.Build.0 = Debug|Any CPU
		{D96910B7-E6AA-4CB1-9480-6FE6BE7B57F1}.Release|Any CPU.ActiveCfg = Release|Any CPU
		{D96910B7-E6AA-4CB1-9480-6FE6BE7B57F1}.Release|Any CPU.Build.0 = Release|Any CPU
		{49D2754C-2732-43ED-A72F-D84152E3E64C}.Debug|Any CPU.ActiveCfg = Debug|Any CPU
		{49D2754C-2732-43ED-A72F-D84152E3E64C}.Debug|Any CPU.Build.0 = Debug|Any CPU
		{49D2754C-2732-43ED-A72F-D84152E3E64C}.Release|Any CPU.ActiveCfg = Release|Any CPU
		{49D2754C-2732-43ED-A72F-D84152E3E64C}.Release|Any CPU.Build.0 = Release|Any CPU
		{351E3493-B932-4E02-9CDA-9EB99DA63457}.Debug|Any CPU.ActiveCfg = Debug|Any CPU
		{351E3493-B932-4E02-9CDA-9EB99DA63457}.Debug|Any CPU.Build.0 = Debug|Any CPU
		{351E3493-B932-4E02-9CDA-9EB99DA63457}.Release|Any CPU.ActiveCfg = Release|Any CPU
		{351E3493-B932-4E02-9CDA-9EB99DA63457}.Release|Any CPU.Build.0 = Release|Any CPU
		{A4A19282-C174-49C9-A9A3-2EACF462F71C}.Debug|Any CPU.ActiveCfg = Debug|Any CPU
		{A4A19282-C174-49C9-A9A3-2EACF462F71C}.Debug|Any CPU.Build.0 = Debug|Any CPU
		{A4A19282-C174-49C9-A9A3-2EACF462F71C}.Release|Any CPU.ActiveCfg = Release|Any CPU
		{A4A19282-C174-49C9-A9A3-2EACF462F71C}.Release|Any CPU.Build.0 = Release|Any CPU
	EndGlobalSection
	GlobalSection(SolutionProperties) = preSolution
		HideSolutionNode = FALSE
	EndGlobalSection
	GlobalSection(NestedProjects) = preSolution
		{F3029C1E-28D2-452F-AF66-7B8BCC9BFE8E} = {DF9D687F-4BAB-4D2F-891E-3F61CA937F35}
		{9B7C437D-ADD5-4F25-BE58-8954A24AFA1A} = {DF9D687F-4BAB-4D2F-891E-3F61CA937F35}
		{CA4AAAF4-9937-477C-9AEE-BB01AAC26D00} = {DF9D687F-4BAB-4D2F-891E-3F61CA937F35}
		{D96910B7-E6AA-4CB1-9480-6FE6BE7B57F1} = {9B7C437D-ADD5-4F25-BE58-8954A24AFA1A}
		{49D2754C-2732-43ED-A72F-D84152E3E64C} = {F3029C1E-28D2-452F-AF66-7B8BCC9BFE8E}
		{351E3493-B932-4E02-9CDA-9EB99DA63457} = {F3029C1E-28D2-452F-AF66-7B8BCC9BFE8E}
		{A4A19282-C174-49C9-A9A3-2EACF462F71C} = {9B7C437D-ADD5-4F25-BE58-8954A24AFA1A}
	EndGlobalSection
	GlobalSection(ExtensibilityGlobals) = postSolution
		SolutionGuid = {15573D84-123F-4B26-8828-7088327EDBE2}
	EndGlobalSection
EndGlobal
